// !$*UTF8*$!
{
	archiveVersion = 1;
	classes = {
	};
	objectVersion = 51;
	objects = {

/* Begin PBXBuildFile section */
		080675F3338D13D7ED17C753 /* Pods_PostsApp.framework in Frameworks */ = {isa = PBXBuildFile; fileRef = 8662113FB3844ABF9B9666C3 /* Pods_PostsApp.framework */; };
		F88428D62664C1E6008403E7 /* AppDelegate.swift in Sources */ = {isa = PBXBuildFile; fileRef = F88428D52664C1E6008403E7 /* AppDelegate.swift */; };
		F88428DA2664C1E6008403E7 /* ViewController.swift in Sources */ = {isa = PBXBuildFile; fileRef = F88428D92664C1E6008403E7 /* ViewController.swift */; };
		F88428DF2664C1E9008403E7 /* Assets.xcassets in Resources */ = {isa = PBXBuildFile; fileRef = F88428DE2664C1E9008403E7 /* Assets.xcassets */; };
		F88428E22664C1E9008403E7 /* LaunchScreen.storyboard in Resources */ = {isa = PBXBuildFile; fileRef = F88428E02664C1E9008403E7 /* LaunchScreen.storyboard */; };
		F88428ED2664C1E9008403E7 /* PostsAppTests.swift in Sources */ = {isa = PBXBuildFile; fileRef = F88428EC2664C1E9008403E7 /* PostsAppTests.swift */; };
		F88428F82664C1E9008403E7 /* PostsAppUITests.swift in Sources */ = {isa = PBXBuildFile; fileRef = F88428F72664C1E9008403E7 /* PostsAppUITests.swift */; };
		F88429082664C3BD008403E7 /* AppCoordinator.swift in Sources */ = {isa = PBXBuildFile; fileRef = F88429072664C3BD008403E7 /* AppCoordinator.swift */; };
		F884290D2664C440008403E7 /* PostsViewController.swift in Sources */ = {isa = PBXBuildFile; fileRef = F884290A2664C440008403E7 /* PostsViewController.swift */; };
		F884290E2664C440008403E7 /* PostsInteractor.swift in Sources */ = {isa = PBXBuildFile; fileRef = F884290B2664C440008403E7 /* PostsInteractor.swift */; };
		F884290F2664C440008403E7 /* PostsPresenter.swift in Sources */ = {isa = PBXBuildFile; fileRef = F884290C2664C440008403E7 /* PostsPresenter.swift */; };
		F88429132664C497008403E7 /* PostsSceneFactory.swift in Sources */ = {isa = PBXBuildFile; fileRef = F88429112664C497008403E7 /* PostsSceneFactory.swift */; };
		F88429142664C497008403E7 /* PostsCoordinator.swift in Sources */ = {isa = PBXBuildFile; fileRef = F88429122664C497008403E7 /* PostsCoordinator.swift */; };
		F88429172664CA26008403E7 /* DependencyContainer.swift in Sources */ = {isa = PBXBuildFile; fileRef = F88429162664CA26008403E7 /* DependencyContainer.swift */; };
		F88429242664D033008403E7 /* Configuration.swift in Sources */ = {isa = PBXBuildFile; fileRef = F884291A2664D032008403E7 /* Configuration.swift */; };
		F88429252664D033008403E7 /* APIHelper.swift in Sources */ = {isa = PBXBuildFile; fileRef = F884291B2664D032008403E7 /* APIHelper.swift */; };
		F88429262664D033008403E7 /* JSONEncodableEncoding.swift in Sources */ = {isa = PBXBuildFile; fileRef = F884291C2664D032008403E7 /* JSONEncodableEncoding.swift */; };
		F88429272664D033008403E7 /* Models.swift in Sources */ = {isa = PBXBuildFile; fileRef = F884291D2664D032008403E7 /* Models.swift */; };
		F88429282664D033008403E7 /* Extensions.swift in Sources */ = {isa = PBXBuildFile; fileRef = F884291E2664D032008403E7 /* Extensions.swift */; };
		F88429292664D033008403E7 /* JSONValue.swift in Sources */ = {isa = PBXBuildFile; fileRef = F884291F2664D032008403E7 /* JSONValue.swift */; };
		F884292A2664D033008403E7 /* JSONEncodingHelper.swift in Sources */ = {isa = PBXBuildFile; fileRef = F88429202664D032008403E7 /* JSONEncodingHelper.swift */; };
		F884292B2664D033008403E7 /* APIs.swift in Sources */ = {isa = PBXBuildFile; fileRef = F88429212664D032008403E7 /* APIs.swift */; };
		F884292C2664D033008403E7 /* CodableHelper.swift in Sources */ = {isa = PBXBuildFile; fileRef = F88429222664D032008403E7 /* CodableHelper.swift */; };
		F884292D2664D033008403E7 /* AlamofireImplementations.swift in Sources */ = {isa = PBXBuildFile; fileRef = F88429232664D033008403E7 /* AlamofireImplementations.swift */; };
/* End PBXBuildFile section */

/* Begin PBXContainerItemProxy section */
		F88428E92664C1E9008403E7 /* PBXContainerItemProxy */ = {
			isa = PBXContainerItemProxy;
			containerPortal = F88428CA2664C1E6008403E7 /* Project object */;
			proxyType = 1;
			remoteGlobalIDString = F88428D12664C1E6008403E7;
			remoteInfo = PostsApp;
		};
		F88428F42664C1E9008403E7 /* PBXContainerItemProxy */ = {
			isa = PBXContainerItemProxy;
			containerPortal = F88428CA2664C1E6008403E7 /* Project object */;
			proxyType = 1;
			remoteGlobalIDString = F88428D12664C1E6008403E7;
			remoteInfo = PostsApp;
		};
/* End PBXContainerItemProxy section */

/* Begin PBXFileReference section */
		22E8D7B1AF69B1C13F3CE9F2 /* Pods-PostsApp.release.xcconfig */ = {isa = PBXFileReference; includeInIndex = 1; lastKnownFileType = text.xcconfig; name = "Pods-PostsApp.release.xcconfig"; path = "Target Support Files/Pods-PostsApp/Pods-PostsApp.release.xcconfig"; sourceTree = "<group>"; };
		8662113FB3844ABF9B9666C3 /* Pods_PostsApp.framework */ = {isa = PBXFileReference; explicitFileType = wrapper.framework; includeInIndex = 0; path = Pods_PostsApp.framework; sourceTree = BUILT_PRODUCTS_DIR; };
		ED2E7FF059DBF43384BB6424 /* Pods-PostsApp.debug.xcconfig */ = {isa = PBXFileReference; includeInIndex = 1; lastKnownFileType = text.xcconfig; name = "Pods-PostsApp.debug.xcconfig"; path = "Target Support Files/Pods-PostsApp/Pods-PostsApp.debug.xcconfig"; sourceTree = "<group>"; };
		F88428D22664C1E6008403E7 /* PostsApp.app */ = {isa = PBXFileReference; explicitFileType = wrapper.application; includeInIndex = 0; path = PostsApp.app; sourceTree = BUILT_PRODUCTS_DIR; };
		F88428D52664C1E6008403E7 /* AppDelegate.swift */ = {isa = PBXFileReference; lastKnownFileType = sourcecode.swift; path = AppDelegate.swift; sourceTree = "<group>"; };
		F88428D92664C1E6008403E7 /* ViewController.swift */ = {isa = PBXFileReference; lastKnownFileType = sourcecode.swift; path = ViewController.swift; sourceTree = "<group>"; };
		F88428DE2664C1E9008403E7 /* Assets.xcassets */ = {isa = PBXFileReference; lastKnownFileType = folder.assetcatalog; path = Assets.xcassets; sourceTree = "<group>"; };
		F88428E12664C1E9008403E7 /* Base */ = {isa = PBXFileReference; lastKnownFileType = file.storyboard; name = Base; path = Base.lproj/LaunchScreen.storyboard; sourceTree = "<group>"; };
		F88428E32664C1E9008403E7 /* Info.plist */ = {isa = PBXFileReference; lastKnownFileType = text.plist.xml; path = Info.plist; sourceTree = "<group>"; };
		F88428E82664C1E9008403E7 /* PostsAppTests.xctest */ = {isa = PBXFileReference; explicitFileType = wrapper.cfbundle; includeInIndex = 0; path = PostsAppTests.xctest; sourceTree = BUILT_PRODUCTS_DIR; };
		F88428EC2664C1E9008403E7 /* PostsAppTests.swift */ = {isa = PBXFileReference; lastKnownFileType = sourcecode.swift; path = PostsAppTests.swift; sourceTree = "<group>"; };
		F88428EE2664C1E9008403E7 /* Info.plist */ = {isa = PBXFileReference; lastKnownFileType = text.plist.xml; path = Info.plist; sourceTree = "<group>"; };
		F88428F32664C1E9008403E7 /* PostsAppUITests.xctest */ = {isa = PBXFileReference; explicitFileType = wrapper.cfbundle; includeInIndex = 0; path = PostsAppUITests.xctest; sourceTree = BUILT_PRODUCTS_DIR; };
		F88428F72664C1E9008403E7 /* PostsAppUITests.swift */ = {isa = PBXFileReference; lastKnownFileType = sourcecode.swift; path = PostsAppUITests.swift; sourceTree = "<group>"; };
		F88428F92664C1E9008403E7 /* Info.plist */ = {isa = PBXFileReference; lastKnownFileType = text.plist.xml; path = Info.plist; sourceTree = "<group>"; };
		F88429072664C3BD008403E7 /* AppCoordinator.swift */ = {isa = PBXFileReference; lastKnownFileType = sourcecode.swift; path = AppCoordinator.swift; sourceTree = "<group>"; };
		F884290A2664C440008403E7 /* PostsViewController.swift */ = {isa = PBXFileReference; lastKnownFileType = sourcecode.swift; path = PostsViewController.swift; sourceTree = "<group>"; };
		F884290B2664C440008403E7 /* PostsInteractor.swift */ = {isa = PBXFileReference; lastKnownFileType = sourcecode.swift; path = PostsInteractor.swift; sourceTree = "<group>"; };
		F884290C2664C440008403E7 /* PostsPresenter.swift */ = {isa = PBXFileReference; lastKnownFileType = sourcecode.swift; path = PostsPresenter.swift; sourceTree = "<group>"; };
		F88429112664C497008403E7 /* PostsSceneFactory.swift */ = {isa = PBXFileReference; lastKnownFileType = sourcecode.swift; path = PostsSceneFactory.swift; sourceTree = "<group>"; };
		F88429122664C497008403E7 /* PostsCoordinator.swift */ = {isa = PBXFileReference; lastKnownFileType = sourcecode.swift; path = PostsCoordinator.swift; sourceTree = "<group>"; };
		F88429162664CA26008403E7 /* DependencyContainer.swift */ = {isa = PBXFileReference; lastKnownFileType = sourcecode.swift; path = DependencyContainer.swift; sourceTree = "<group>"; };
		F884291A2664D032008403E7 /* Configuration.swift */ = {isa = PBXFileReference; fileEncoding = 4; lastKnownFileType = sourcecode.swift; path = Configuration.swift; sourceTree = "<group>"; };
		F884291B2664D032008403E7 /* APIHelper.swift */ = {isa = PBXFileReference; fileEncoding = 4; lastKnownFileType = sourcecode.swift; path = APIHelper.swift; sourceTree = "<group>"; };
		F884291C2664D032008403E7 /* JSONEncodableEncoding.swift */ = {isa = PBXFileReference; fileEncoding = 4; lastKnownFileType = sourcecode.swift; path = JSONEncodableEncoding.swift; sourceTree = "<group>"; };
		F884291D2664D032008403E7 /* Models.swift */ = {isa = PBXFileReference; fileEncoding = 4; lastKnownFileType = sourcecode.swift; path = Models.swift; sourceTree = "<group>"; };
		F884291E2664D032008403E7 /* Extensions.swift */ = {isa = PBXFileReference; fileEncoding = 4; lastKnownFileType = sourcecode.swift; path = Extensions.swift; sourceTree = "<group>"; };
		F884291F2664D032008403E7 /* JSONValue.swift */ = {isa = PBXFileReference; fileEncoding = 4; lastKnownFileType = sourcecode.swift; path = JSONValue.swift; sourceTree = "<group>"; };
		F88429202664D032008403E7 /* JSONEncodingHelper.swift */ = {isa = PBXFileReference; fileEncoding = 4; lastKnownFileType = sourcecode.swift; path = JSONEncodingHelper.swift; sourceTree = "<group>"; };
		F88429212664D032008403E7 /* APIs.swift */ = {isa = PBXFileReference; fileEncoding = 4; lastKnownFileType = sourcecode.swift; path = APIs.swift; sourceTree = "<group>"; };
		F88429222664D032008403E7 /* CodableHelper.swift */ = {isa = PBXFileReference; fileEncoding = 4; lastKnownFileType = sourcecode.swift; path = CodableHelper.swift; sourceTree = "<group>"; };
		F88429232664D033008403E7 /* AlamofireImplementations.swift */ = {isa = PBXFileReference; fileEncoding = 4; lastKnownFileType = sourcecode.swift; path = AlamofireImplementations.swift; sourceTree = "<group>"; };
/* End PBXFileReference section */

/* Begin PBXFrameworksBuildPhase section */
		F88428CF2664C1E6008403E7 /* Frameworks */ = {
			isa = PBXFrameworksBuildPhase;
			buildActionMask = 2147483647;
			files = (
				080675F3338D13D7ED17C753 /* Pods_PostsApp.framework in Frameworks */,
			);
			runOnlyForDeploymentPostprocessing = 0;
		};
		F88428E52664C1E9008403E7 /* Frameworks */ = {
			isa = PBXFrameworksBuildPhase;
			buildActionMask = 2147483647;
			files = (
			);
			runOnlyForDeploymentPostprocessing = 0;
		};
		F88428F02664C1E9008403E7 /* Frameworks */ = {
			isa = PBXFrameworksBuildPhase;
			buildActionMask = 2147483647;
			files = (
			);
			runOnlyForDeploymentPostprocessing = 0;
		};
/* End PBXFrameworksBuildPhase section */

/* Begin PBXGroup section */
		C662C6DC5574B4CA7100053A /* Frameworks */ = {
			isa = PBXGroup;
			children = (
				8662113FB3844ABF9B9666C3 /* Pods_PostsApp.framework */,
			);
			name = Frameworks;
			sourceTree = "<group>";
		};
		D39DDFB9333C3726A223978A /* Pods */ = {
			isa = PBXGroup;
			children = (
				ED2E7FF059DBF43384BB6424 /* Pods-PostsApp.debug.xcconfig */,
				22E8D7B1AF69B1C13F3CE9F2 /* Pods-PostsApp.release.xcconfig */,
			);
			path = Pods;
			sourceTree = "<group>";
		};
		F88428C92664C1E5008403E7 = {
			isa = PBXGroup;
			children = (
				F88428D42664C1E6008403E7 /* PostsApp */,
				F88428EB2664C1E9008403E7 /* PostsAppTests */,
				F88428F62664C1E9008403E7 /* PostsAppUITests */,
				F88428D32664C1E6008403E7 /* Products */,
				D39DDFB9333C3726A223978A /* Pods */,
				C662C6DC5574B4CA7100053A /* Frameworks */,
			);
			sourceTree = "<group>";
		};
		F88428D32664C1E6008403E7 /* Products */ = {
			isa = PBXGroup;
			children = (
				F88428D22664C1E6008403E7 /* PostsApp.app */,
				F88428E82664C1E9008403E7 /* PostsAppTests.xctest */,
				F88428F32664C1E9008403E7 /* PostsAppUITests.xctest */,
			);
			name = Products;
			sourceTree = "<group>";
		};
		F88428D42664C1E6008403E7 /* PostsApp */ = {
			isa = PBXGroup;
			children = (
				F88429062664C397008403E7 /* App */,
				F88429152664CA0A008403E7 /* DI */,
				F88429182664CFFB008403E7 /* Network */,
				F88429052664C375008403E7 /* Scenes */,
				F88428D92664C1E6008403E7 /* ViewController.swift */,
				F88428DE2664C1E9008403E7 /* Assets.xcassets */,
				F88428E02664C1E9008403E7 /* LaunchScreen.storyboard */,
				F88428E32664C1E9008403E7 /* Info.plist */,
			);
			path = PostsApp;
			sourceTree = "<group>";
		};
		F88428EB2664C1E9008403E7 /* PostsAppTests */ = {
			isa = PBXGroup;
			children = (
				F88428EC2664C1E9008403E7 /* PostsAppTests.swift */,
				F88428EE2664C1E9008403E7 /* Info.plist */,
			);
			path = PostsAppTests;
			sourceTree = "<group>";
		};
		F88428F62664C1E9008403E7 /* PostsAppUITests */ = {
			isa = PBXGroup;
			children = (
				F88428F72664C1E9008403E7 /* PostsAppUITests.swift */,
				F88428F92664C1E9008403E7 /* Info.plist */,
			);
			path = PostsAppUITests;
			sourceTree = "<group>";
		};
		F88429052664C375008403E7 /* Scenes */ = {
			isa = PBXGroup;
			children = (
				F88429092664C42B008403E7 /* Post */,
			);
			path = Scenes;
			sourceTree = "<group>";
		};
		F88429062664C397008403E7 /* App */ = {
			isa = PBXGroup;
			children = (
				F88428D52664C1E6008403E7 /* AppDelegate.swift */,
				F88429072664C3BD008403E7 /* AppCoordinator.swift */,
			);
			path = App;
			sourceTree = "<group>";
		};
		F88429092664C42B008403E7 /* Post */ = {
			isa = PBXGroup;
			children = (
				F88429102664C44B008403E7 /* Posts */,
				F88429112664C497008403E7 /* PostsSceneFactory.swift */,
				F88429122664C497008403E7 /* PostsCoordinator.swift */,
			);
			path = Post;
			sourceTree = "<group>";
		};
		F88429102664C44B008403E7 /* Posts */ = {
			isa = PBXGroup;
			children = (
				F884290A2664C440008403E7 /* PostsViewController.swift */,
				F884290B2664C440008403E7 /* PostsInteractor.swift */,
				F884290C2664C440008403E7 /* PostsPresenter.swift */,
			);
			path = Posts;
			sourceTree = "<group>";
		};
		F88429152664CA0A008403E7 /* DI */ = {
			isa = PBXGroup;
			children = (
				F88429162664CA26008403E7 /* DependencyContainer.swift */,
			);
			path = DI;
			sourceTree = "<group>";
		};
		F88429182664CFFB008403E7 /* Network */ = {
			isa = PBXGroup;
			children = (
				F884292E2664D03B008403E7 /* API */,
				F88429192664D006008403E7 /* Generated */,
			);
			path = Network;
			sourceTree = "<group>";
		};
		F88429192664D006008403E7 /* Generated */ = {
			isa = PBXGroup;
			children = (
				F88429232664D033008403E7 /* AlamofireImplementations.swift */,
				F884291B2664D032008403E7 /* APIHelper.swift */,
				F88429212664D032008403E7 /* APIs.swift */,
				F88429222664D032008403E7 /* CodableHelper.swift */,
				F884291A2664D032008403E7 /* Configuration.swift */,
				F884291E2664D032008403E7 /* Extensions.swift */,
				F884291C2664D032008403E7 /* JSONEncodableEncoding.swift */,
				F88429202664D032008403E7 /* JSONEncodingHelper.swift */,
				F884291F2664D032008403E7 /* JSONValue.swift */,
				F884291D2664D032008403E7 /* Models.swift */,
			);
			path = Generated;
			sourceTree = "<group>";
		};
		F884292E2664D03B008403E7 /* API */ = {
			isa = PBXGroup;
			children = (
			);
			path = API;
			sourceTree = "<group>";
		};
/* End PBXGroup section */

/* Begin PBXNativeTarget section */
		F88428D12664C1E6008403E7 /* PostsApp */ = {
			isa = PBXNativeTarget;
			buildConfigurationList = F88428FC2664C1E9008403E7 /* Build configuration list for PBXNativeTarget "PostsApp" */;
			buildPhases = (
				2FC81E7A0E2120040195F544 /* [CP] Check Pods Manifest.lock */,
				F88428CE2664C1E6008403E7 /* Sources */,
				F88428CF2664C1E6008403E7 /* Frameworks */,
				F88428D02664C1E6008403E7 /* Resources */,
				3B78A5FAAE46A07D98FC7B4C /* [CP] Embed Pods Frameworks */,
			);
			buildRules = (
			);
			dependencies = (
			);
			name = PostsApp;
			productName = PostsApp;
			productReference = F88428D22664C1E6008403E7 /* PostsApp.app */;
			productType = "com.apple.product-type.application";
		};
		F88428E72664C1E9008403E7 /* PostsAppTests */ = {
			isa = PBXNativeTarget;
			buildConfigurationList = F88428FF2664C1E9008403E7 /* Build configuration list for PBXNativeTarget "PostsAppTests" */;
			buildPhases = (
				F88428E42664C1E9008403E7 /* Sources */,
				F88428E52664C1E9008403E7 /* Frameworks */,
				F88428E62664C1E9008403E7 /* Resources */,
			);
			buildRules = (
			);
			dependencies = (
				F88428EA2664C1E9008403E7 /* PBXTargetDependency */,
			);
			name = PostsAppTests;
			productName = PostsAppTests;
			productReference = F88428E82664C1E9008403E7 /* PostsAppTests.xctest */;
			productType = "com.apple.product-type.bundle.unit-test";
		};
		F88428F22664C1E9008403E7 /* PostsAppUITests */ = {
			isa = PBXNativeTarget;
			buildConfigurationList = F88429022664C1E9008403E7 /* Build configuration list for PBXNativeTarget "PostsAppUITests" */;
			buildPhases = (
				F88428EF2664C1E9008403E7 /* Sources */,
				F88428F02664C1E9008403E7 /* Frameworks */,
				F88428F12664C1E9008403E7 /* Resources */,
			);
			buildRules = (
			);
			dependencies = (
				F88428F52664C1E9008403E7 /* PBXTargetDependency */,
			);
			name = PostsAppUITests;
			productName = PostsAppUITests;
			productReference = F88428F32664C1E9008403E7 /* PostsAppUITests.xctest */;
			productType = "com.apple.product-type.bundle.ui-testing";
		};
/* End PBXNativeTarget section */

/* Begin PBXProject section */
		F88428CA2664C1E6008403E7 /* Project object */ = {
			isa = PBXProject;
			attributes = {
				LastSwiftUpdateCheck = 1250;
				LastUpgradeCheck = 1250;
				TargetAttributes = {
					F88428D12664C1E6008403E7 = {
						CreatedOnToolsVersion = 12.5;
					};
					F88428E72664C1E9008403E7 = {
						CreatedOnToolsVersion = 12.5;
						TestTargetID = F88428D12664C1E6008403E7;
					};
					F88428F22664C1E9008403E7 = {
						CreatedOnToolsVersion = 12.5;
						TestTargetID = F88428D12664C1E6008403E7;
					};
				};
			};
			buildConfigurationList = F88428CD2664C1E6008403E7 /* Build configuration list for PBXProject "PostsApp" */;
			compatibilityVersion = "Xcode 9.3";
			developmentRegion = en;
			hasScannedForEncodings = 0;
			knownRegions = (
				en,
				Base,
			);
			mainGroup = F88428C92664C1E5008403E7;
			productRefGroup = F88428D32664C1E6008403E7 /* Products */;
			projectDirPath = "";
			projectRoot = "";
			targets = (
				F88428D12664C1E6008403E7 /* PostsApp */,
				F88428E72664C1E9008403E7 /* PostsAppTests */,
				F88428F22664C1E9008403E7 /* PostsAppUITests */,
			);
		};
/* End PBXProject section */

/* Begin PBXResourcesBuildPhase section */
		F88428D02664C1E6008403E7 /* Resources */ = {
			isa = PBXResourcesBuildPhase;
			buildActionMask = 2147483647;
			files = (
				F88428E22664C1E9008403E7 /* LaunchScreen.storyboard in Resources */,
				F88428DF2664C1E9008403E7 /* Assets.xcassets in Resources */,
			);
			runOnlyForDeploymentPostprocessing = 0;
		};
		F88428E62664C1E9008403E7 /* Resources */ = {
			isa = PBXResourcesBuildPhase;
			buildActionMask = 2147483647;
			files = (
			);
			runOnlyForDeploymentPostprocessing = 0;
		};
		F88428F12664C1E9008403E7 /* Resources */ = {
			isa = PBXResourcesBuildPhase;
			buildActionMask = 2147483647;
			files = (
			);
			runOnlyForDeploymentPostprocessing = 0;
		};
/* End PBXResourcesBuildPhase section */

/* Begin PBXShellScriptBuildPhase section */
		2FC81E7A0E2120040195F544 /* [CP] Check Pods Manifest.lock */ = {
			isa = PBXShellScriptBuildPhase;
			buildActionMask = 2147483647;
			files = (
			);
			inputFileListPaths = (
			);
			inputPaths = (
				"${PODS_PODFILE_DIR_PATH}/Podfile.lock",
				"${PODS_ROOT}/Manifest.lock",
			);
			name = "[CP] Check Pods Manifest.lock";
			outputFileListPaths = (
			);
			outputPaths = (
				"$(DERIVED_FILE_DIR)/Pods-PostsApp-checkManifestLockResult.txt",
			);
			runOnlyForDeploymentPostprocessing = 0;
			shellPath = /bin/sh;
			shellScript = "diff \"${PODS_PODFILE_DIR_PATH}/Podfile.lock\" \"${PODS_ROOT}/Manifest.lock\" > /dev/null\nif [ $? != 0 ] ; then\n    # print error to STDERR\n    echo \"error: The sandbox is not in sync with the Podfile.lock. Run 'pod install' or update your CocoaPods installation.\" >&2\n    exit 1\nfi\n# This output is used by Xcode 'outputs' to avoid re-running this script phase.\necho \"SUCCESS\" > \"${SCRIPT_OUTPUT_FILE_0}\"\n";
			showEnvVarsInLog = 0;
		};
		3B78A5FAAE46A07D98FC7B4C /* [CP] Embed Pods Frameworks */ = {
			isa = PBXShellScriptBuildPhase;
			buildActionMask = 2147483647;
			files = (
			);
			inputFileListPaths = (
				"${PODS_ROOT}/Target Support Files/Pods-PostsApp/Pods-PostsApp-frameworks-${CONFIGURATION}-input-files.xcfilelist",
			);
			name = "[CP] Embed Pods Frameworks";
			outputFileListPaths = (
				"${PODS_ROOT}/Target Support Files/Pods-PostsApp/Pods-PostsApp-frameworks-${CONFIGURATION}-output-files.xcfilelist",
			);
			runOnlyForDeploymentPostprocessing = 0;
			shellPath = /bin/sh;
			shellScript = "\"${PODS_ROOT}/Target Support Files/Pods-PostsApp/Pods-PostsApp-frameworks.sh\"\n";
			showEnvVarsInLog = 0;
		};
/* End PBXShellScriptBuildPhase section */

/* Begin PBXSourcesBuildPhase section */
		F88428CE2664C1E6008403E7 /* Sources */ = {
			isa = PBXSourcesBuildPhase;
			buildActionMask = 2147483647;
			files = (
				F88429262664D033008403E7 /* JSONEncodableEncoding.swift in Sources */,
				F88429272664D033008403E7 /* Models.swift in Sources */,
				F88429132664C497008403E7 /* PostsSceneFactory.swift in Sources */,
				F884290E2664C440008403E7 /* PostsInteractor.swift in Sources */,
				F884292A2664D033008403E7 /* JSONEncodingHelper.swift in Sources */,
				F884292D2664D033008403E7 /* AlamofireImplementations.swift in Sources */,
				F88429082664C3BD008403E7 /* AppCoordinator.swift in Sources */,
				F88428DA2664C1E6008403E7 /* ViewController.swift in Sources */,
				F88428D62664C1E6008403E7 /* AppDelegate.swift in Sources */,
				F88429172664CA26008403E7 /* DependencyContainer.swift in Sources */,
				F88429242664D033008403E7 /* Configuration.swift in Sources */,
				F88429292664D033008403E7 /* JSONValue.swift in Sources */,
				F88429142664C497008403E7 /* PostsCoordinator.swift in Sources */,
				F884290D2664C440008403E7 /* PostsViewController.swift in Sources */,
				F88429252664D033008403E7 /* APIHelper.swift in Sources */,
				F884290F2664C440008403E7 /* PostsPresenter.swift in Sources */,
				F884292B2664D033008403E7 /* APIs.swift in Sources */,
				F884292C2664D033008403E7 /* CodableHelper.swift in Sources */,
				F88429282664D033008403E7 /* Extensions.swift in Sources */,
			);
			runOnlyForDeploymentPostprocessing = 0;
		};
		F88428E42664C1E9008403E7 /* Sources */ = {
			isa = PBXSourcesBuildPhase;
			buildActionMask = 2147483647;
			files = (
				F88428ED2664C1E9008403E7 /* PostsAppTests.swift in Sources */,
			);
			runOnlyForDeploymentPostprocessing = 0;
		};
		F88428EF2664C1E9008403E7 /* Sources */ = {
			isa = PBXSourcesBuildPhase;
			buildActionMask = 2147483647;
			files = (
				F88428F82664C1E9008403E7 /* PostsAppUITests.swift in Sources */,
			);
			runOnlyForDeploymentPostprocessing = 0;
		};
/* End PBXSourcesBuildPhase section */

/* Begin PBXTargetDependency section */
		F88428EA2664C1E9008403E7 /* PBXTargetDependency */ = {
			isa = PBXTargetDependency;
			target = F88428D12664C1E6008403E7 /* PostsApp */;
			targetProxy = F88428E92664C1E9008403E7 /* PBXContainerItemProxy */;
		};
		F88428F52664C1E9008403E7 /* PBXTargetDependency */ = {
			isa = PBXTargetDependency;
			target = F88428D12664C1E6008403E7 /* PostsApp */;
			targetProxy = F88428F42664C1E9008403E7 /* PBXContainerItemProxy */;
		};
/* End PBXTargetDependency section */

/* Begin PBXVariantGroup section */
		F88428E02664C1E9008403E7 /* LaunchScreen.storyboard */ = {
			isa = PBXVariantGroup;
			children = (
				F88428E12664C1E9008403E7 /* Base */,
			);
			name = LaunchScreen.storyboard;
			sourceTree = "<group>";
		};
/* End PBXVariantGroup section */

/* Begin XCBuildConfiguration section */
		F88428FA2664C1E9008403E7 /* Debug */ = {
			isa = XCBuildConfiguration;
			buildSettings = {
				ALWAYS_SEARCH_USER_PATHS = NO;
				CLANG_ANALYZER_NONNULL = YES;
				CLANG_ANALYZER_NUMBER_OBJECT_CONVERSION = YES_AGGRESSIVE;
				CLANG_CXX_LANGUAGE_STANDARD = "gnu++14";
				CLANG_CXX_LIBRARY = "libc++";
				CLANG_ENABLE_MODULES = YES;
				CLANG_ENABLE_OBJC_ARC = YES;
				CLANG_ENABLE_OBJC_WEAK = YES;
				CLANG_WARN_BLOCK_CAPTURE_AUTORELEASING = YES;
				CLANG_WARN_BOOL_CONVERSION = YES;
				CLANG_WARN_COMMA = YES;
				CLANG_WARN_CONSTANT_CONVERSION = YES;
				CLANG_WARN_DEPRECATED_OBJC_IMPLEMENTATIONS = YES;
				CLANG_WARN_DIRECT_OBJC_ISA_USAGE = YES_ERROR;
				CLANG_WARN_DOCUMENTATION_COMMENTS = YES;
				CLANG_WARN_EMPTY_BODY = YES;
				CLANG_WARN_ENUM_CONVERSION = YES;
				CLANG_WARN_INFINITE_RECURSION = YES;
				CLANG_WARN_INT_CONVERSION = YES;
				CLANG_WARN_NON_LITERAL_NULL_CONVERSION = YES;
				CLANG_WARN_OBJC_IMPLICIT_RETAIN_SELF = YES;
				CLANG_WARN_OBJC_LITERAL_CONVERSION = YES;
				CLANG_WARN_OBJC_ROOT_CLASS = YES_ERROR;
				CLANG_WARN_QUOTED_INCLUDE_IN_FRAMEWORK_HEADER = YES;
				CLANG_WARN_RANGE_LOOP_ANALYSIS = YES;
				CLANG_WARN_STRICT_PROTOTYPES = YES;
				CLANG_WARN_SUSPICIOUS_MOVE = YES;
				CLANG_WARN_UNGUARDED_AVAILABILITY = YES_AGGRESSIVE;
				CLANG_WARN_UNREACHABLE_CODE = YES;
				CLANG_WARN__DUPLICATE_METHOD_MATCH = YES;
				COPY_PHASE_STRIP = NO;
				DEBUG_INFORMATION_FORMAT = dwarf;
				ENABLE_STRICT_OBJC_MSGSEND = YES;
				ENABLE_TESTABILITY = YES;
				GCC_C_LANGUAGE_STANDARD = gnu11;
				GCC_DYNAMIC_NO_PIC = NO;
				GCC_NO_COMMON_BLOCKS = YES;
				GCC_OPTIMIZATION_LEVEL = 0;
				GCC_PREPROCESSOR_DEFINITIONS = (
					"DEBUG=1",
					"$(inherited)",
				);
				GCC_WARN_64_TO_32_BIT_CONVERSION = YES;
				GCC_WARN_ABOUT_RETURN_TYPE = YES_ERROR;
				GCC_WARN_UNDECLARED_SELECTOR = YES;
				GCC_WARN_UNINITIALIZED_AUTOS = YES_AGGRESSIVE;
				GCC_WARN_UNUSED_FUNCTION = YES;
				GCC_WARN_UNUSED_VARIABLE = YES;
				IPHONEOS_DEPLOYMENT_TARGET = 13.0;
				MTL_ENABLE_DEBUG_INFO = INCLUDE_SOURCE;
				MTL_FAST_MATH = YES;
				ONLY_ACTIVE_ARCH = YES;
				SDKROOT = iphoneos;
				SWIFT_ACTIVE_COMPILATION_CONDITIONS = DEBUG;
				SWIFT_OPTIMIZATION_LEVEL = "-Onone";
			};
			name = Debug;
		};
		F88428FB2664C1E9008403E7 /* Release */ = {
			isa = XCBuildConfiguration;
			buildSettings = {
				ALWAYS_SEARCH_USER_PATHS = NO;
				CLANG_ANALYZER_NONNULL = YES;
				CLANG_ANALYZER_NUMBER_OBJECT_CONVERSION = YES_AGGRESSIVE;
				CLANG_CXX_LANGUAGE_STANDARD = "gnu++14";
				CLANG_CXX_LIBRARY = "libc++";
				CLANG_ENABLE_MODULES = YES;
				CLANG_ENABLE_OBJC_ARC = YES;
				CLANG_ENABLE_OBJC_WEAK = YES;
				CLANG_WARN_BLOCK_CAPTURE_AUTORELEASING = YES;
				CLANG_WARN_BOOL_CONVERSION = YES;
				CLANG_WARN_COMMA = YES;
				CLANG_WARN_CONSTANT_CONVERSION = YES;
				CLANG_WARN_DEPRECATED_OBJC_IMPLEMENTATIONS = YES;
				CLANG_WARN_DIRECT_OBJC_ISA_USAGE = YES_ERROR;
				CLANG_WARN_DOCUMENTATION_COMMENTS = YES;
				CLANG_WARN_EMPTY_BODY = YES;
				CLANG_WARN_ENUM_CONVERSION = YES;
				CLANG_WARN_INFINITE_RECURSION = YES;
				CLANG_WARN_INT_CONVERSION = YES;
				CLANG_WARN_NON_LITERAL_NULL_CONVERSION = YES;
				CLANG_WARN_OBJC_IMPLICIT_RETAIN_SELF = YES;
				CLANG_WARN_OBJC_LITERAL_CONVERSION = YES;
				CLANG_WARN_OBJC_ROOT_CLASS = YES_ERROR;
				CLANG_WARN_QUOTED_INCLUDE_IN_FRAMEWORK_HEADER = YES;
				CLANG_WARN_RANGE_LOOP_ANALYSIS = YES;
				CLANG_WARN_STRICT_PROTOTYPES = YES;
				CLANG_WARN_SUSPICIOUS_MOVE = YES;
				CLANG_WARN_UNGUARDED_AVAILABILITY = YES_AGGRESSIVE;
				CLANG_WARN_UNREACHABLE_CODE = YES;
				CLANG_WARN__DUPLICATE_METHOD_MATCH = YES;
				COPY_PHASE_STRIP = NO;
				DEBUG_INFORMATION_FORMAT = "dwarf-with-dsym";
				ENABLE_NS_ASSERTIONS = NO;
				ENABLE_STRICT_OBJC_MSGSEND = YES;
				GCC_C_LANGUAGE_STANDARD = gnu11;
				GCC_NO_COMMON_BLOCKS = YES;
				GCC_WARN_64_TO_32_BIT_CONVERSION = YES;
				GCC_WARN_ABOUT_RETURN_TYPE = YES_ERROR;
				GCC_WARN_UNDECLARED_SELECTOR = YES;
				GCC_WARN_UNINITIALIZED_AUTOS = YES_AGGRESSIVE;
				GCC_WARN_UNUSED_FUNCTION = YES;
				GCC_WARN_UNUSED_VARIABLE = YES;
				IPHONEOS_DEPLOYMENT_TARGET = 13.0;
				MTL_ENABLE_DEBUG_INFO = NO;
				MTL_FAST_MATH = YES;
				SDKROOT = iphoneos;
				SWIFT_COMPILATION_MODE = wholemodule;
				SWIFT_OPTIMIZATION_LEVEL = "-O";
				VALIDATE_PRODUCT = YES;
			};
			name = Release;
		};
		F88428FD2664C1E9008403E7 /* Debug */ = {
			isa = XCBuildConfiguration;
			baseConfigurationReference = ED2E7FF059DBF43384BB6424 /* Pods-PostsApp.debug.xcconfig */;
			buildSettings = {
				ASSETCATALOG_COMPILER_APPICON_NAME = AppIcon;
				ASSETCATALOG_COMPILER_GLOBAL_ACCENT_COLOR_NAME = AccentColor;
				CODE_SIGN_STYLE = Automatic;
				DEVELOPMENT_TEAM = B45VTM2JTZ;
				INFOPLIST_FILE = PostsApp/Info.plist;
				LD_RUNPATH_SEARCH_PATHS = (
					"$(inherited)",
					"@executable_path/Frameworks",
				);
				PRODUCT_BUNDLE_IDENTIFIER = hu.barnabasillanicz.testapp.PostsApp;
				PRODUCT_NAME = "$(TARGET_NAME)";
				SWIFT_VERSION = 5.0;
				TARGETED_DEVICE_FAMILY = "1,2";
			};
			name = Debug;
		};
		F88428FE2664C1E9008403E7 /* Release */ = {
			isa = XCBuildConfiguration;
			baseConfigurationReference = 22E8D7B1AF69B1C13F3CE9F2 /* Pods-PostsApp.release.xcconfig */;
			buildSettings = {
				ASSETCATALOG_COMPILER_APPICON_NAME = AppIcon;
				ASSETCATALOG_COMPILER_GLOBAL_ACCENT_COLOR_NAME = AccentColor;
				CODE_SIGN_STYLE = Automatic;
				DEVELOPMENT_TEAM = B45VTM2JTZ;
				INFOPLIST_FILE = PostsApp/Info.plist;
				LD_RUNPATH_SEARCH_PATHS = (
					"$(inherited)",
					"@executable_path/Frameworks",
				);
				PRODUCT_BUNDLE_IDENTIFIER = hu.barnabasillanicz.testapp.PostsApp;
				PRODUCT_NAME = "$(TARGET_NAME)";
				SWIFT_VERSION = 5.0;
				TARGETED_DEVICE_FAMILY = "1,2";
			};
			name = Release;
		};
		F88429002664C1E9008403E7 /* Debug */ = {
			isa = XCBuildConfiguration;
			buildSettings = {
				ALWAYS_EMBED_SWIFT_STANDARD_LIBRARIES = YES;
				BUNDLE_LOADER = "$(TEST_HOST)";
				CODE_SIGN_STYLE = Automatic;
				DEVELOPMENT_TEAM = B45VTM2JTZ;
				INFOPLIST_FILE = PostsAppTests/Info.plist;
				IPHONEOS_DEPLOYMENT_TARGET = 14.5;
				LD_RUNPATH_SEARCH_PATHS = (
					"$(inherited)",
					"@executable_path/Frameworks",
					"@loader_path/Frameworks",
				);
				PRODUCT_BUNDLE_IDENTIFIER = hu.barnabasillanicz.testapp.PostsAppTests;
				PRODUCT_NAME = "$(TARGET_NAME)";
				SWIFT_VERSION = 5.0;
				TARGETED_DEVICE_FAMILY = "1,2";
				TEST_HOST = "$(BUILT_PRODUCTS_DIR)/PostsApp.app/PostsApp";
			};
			name = Debug;
		};
		F88429012664C1E9008403E7 /* Release */ = {
			isa = XCBuildConfiguration;
			buildSettings = {
				ALWAYS_EMBED_SWIFT_STANDARD_LIBRARIES = YES;
				BUNDLE_LOADER = "$(TEST_HOST)";
				CODE_SIGN_STYLE = Automatic;
				DEVELOPMENT_TEAM = B45VTM2JTZ;
				INFOPLIST_FILE = PostsAppTests/Info.plist;
				IPHONEOS_DEPLOYMENT_TARGET = 14.5;
				LD_RUNPATH_SEARCH_PATHS = (
					"$(inherited)",
					"@executable_path/Frameworks",
					"@loader_path/Frameworks",
				);
				PRODUCT_BUNDLE_IDENTIFIER = hu.barnabasillanicz.testapp.PostsAppTests;
				PRODUCT_NAME = "$(TARGET_NAME)";
				SWIFT_VERSION = 5.0;
				TARGETED_DEVICE_FAMILY = "1,2";
				TEST_HOST = "$(BUILT_PRODUCTS_DIR)/PostsApp.app/PostsApp";
			};
			name = Release;
		};
		F88429032664C1E9008403E7 /* Debug */ = {
			isa = XCBuildConfiguration;
			buildSettings = {
				ALWAYS_EMBED_SWIFT_STANDARD_LIBRARIES = YES;
				CODE_SIGN_STYLE = Automatic;
				DEVELOPMENT_TEAM = B45VTM2JTZ;
				INFOPLIST_FILE = PostsAppUITests/Info.plist;
				LD_RUNPATH_SEARCH_PATHS = (
					"$(inherited)",
					"@executable_path/Frameworks",
					"@loader_path/Frameworks",
				);
				PRODUCT_BUNDLE_IDENTIFIER = hu.barnabasillanicz.testapp.PostsAppUITests;
				PRODUCT_NAME = "$(TARGET_NAME)";
				SWIFT_VERSION = 5.0;
				TARGETED_DEVICE_FAMILY = "1,2";
				TEST_TARGET_NAME = PostsApp;
			};
			name = Debug;
		};
		F88429042664C1E9008403E7 /* Release */ = {
			isa = XCBuildConfiguration;
			buildSettings = {
				ALWAYS_EMBED_SWIFT_STANDARD_LIBRARIES = YES;
				CODE_SIGN_STYLE = Automatic;
				DEVELOPMENT_TEAM = B45VTM2JTZ;
				INFOPLIST_FILE = PostsAppUITests/Info.plist;
				LD_RUNPATH_SEARCH_PATHS = (
					"$(inherited)",
					"@executable_path/Frameworks",
					"@loader_path/Frameworks",
				);
				PRODUCT_BUNDLE_IDENTIFIER = hu.barnabasillanicz.testapp.PostsAppUITests;
				PRODUCT_NAME = "$(TARGET_NAME)";
				SWIFT_VERSION = 5.0;
				TARGETED_DEVICE_FAMILY = "1,2";
				TEST_TARGET_NAME = PostsApp;
			};
			name = Release;
		};
/* End XCBuildConfiguration section */

/* Begin XCConfigurationList section */
		F88428CD2664C1E6008403E7 /* Build configuration list for PBXProject "PostsApp" */ = {
			isa = XCConfigurationList;
			buildConfigurations = (
				F88428FA2664C1E9008403E7 /* Debug */,
				F88428FB2664C1E9008403E7 /* Release */,
			);
			defaultConfigurationIsVisible = 0;
			defaultConfigurationName = Release;
		};
		F88428FC2664C1E9008403E7 /* Build configuration list for PBXNativeTarget "PostsApp" */ = {
			isa = XCConfigurationList;
			buildConfigurations = (
				F88428FD2664C1E9008403E7 /* Debug */,
				F88428FE2664C1E9008403E7 /* Release */,
			);
			defaultConfigurationIsVisible = 0;
			defaultConfigurationName = Release;
		};
		F88428FF2664C1E9008403E7 /* Build configuration list for PBXNativeTarget "PostsAppTests" */ = {
			isa = XCConfigurationList;
			buildConfigurations = (
				F88429002664C1E9008403E7 /* Debug */,
				F88429012664C1E9008403E7 /* Release */,
			);
			defaultConfigurationIsVisible = 0;
			defaultConfigurationName = Release;
		};
		F88429022664C1E9008403E7 /* Build configuration list for PBXNativeTarget "PostsAppUITests" */ = {
			isa = XCConfigurationList;
			buildConfigurations = (
				F88429032664C1E9008403E7 /* Debug */,
				F88429042664C1E9008403E7 /* Release */,
			);
			defaultConfigurationIsVisible = 0;
			defaultConfigurationName = Release;
		};
/* End XCConfigurationList section */
	};
	rootObject = F88428CA2664C1E6008403E7 /* Project object */;
}
